<?xml version="1.0" encoding="utf-8"?>
<Project ToolsVersion="4.0" xmlns="http://schemas.microsoft.com/developer/msbuild/2003">
  <ItemGroup>
    <Filter Include="Drawable">
      <UniqueIdentifier>{933e08c6-6a52-41cc-bc87-d177d68c53f8}</UniqueIdentifier>
    </Filter>
    <Filter Include="App">
      <UniqueIdentifier>{ddb0041d-7bd0-453c-b9bf-f0229508dfba}</UniqueIdentifier>
    </Filter>
    <Filter Include="Scene">
      <UniqueIdentifier>{4a09354b-4683-44a2-bcac-dd58ceae65d2}</UniqueIdentifier>
    </Filter>
    <Filter Include="Input">
      <UniqueIdentifier>{6617046c-71c0-4771-aae9-d5ecb05814ea}</UniqueIdentifier>
    </Filter>
    <Filter Include="glm">
      <UniqueIdentifier>{3357868b-afbd-415d-95e8-b89a9ebba205}</UniqueIdentifier>
    </Filter>
    <Filter Include="Util">
      <UniqueIdentifier>{e416aacb-dfb8-4fc9-9a97-a5a47cec015c}</UniqueIdentifier>
    </Filter>
  </ItemGroup>
  <ItemGroup>
    <ClCompile Include="Button.cpp">
      <Filter>Drawable</Filter>
    </ClCompile>
    <ClCompile Include="DrawableTexRect.cpp">
      <Filter>Drawable</Filter>
    </ClCompile>
    <ClCompile Include="Drawable.cpp">
      <Filter>Drawable</Filter>
    </ClCompile>
    <ClCompile Include="App.cpp">
      <Filter>App</Filter>
    </ClCompile>
    <ClCompile Include="AppMain.cpp">
      <Filter>App</Filter>
    </ClCompile>
    <ClCompile Include="Scene.cpp">
      <Filter>Scene</Filter>
    </ClCompile>
    <ClCompile Include="TitleScene.cpp">
      <Filter>Scene</Filter>
    </ClCompile>
    <ClCompile Include="InputDevice.cpp">
      <Filter>Input</Filter>
    </ClCompile>
    <ClCompile Include="InputKeyboard.cpp">
      <Filter>Input</Filter>
    </ClCompile>
    <ClCompile Include="InputManager.cpp">
      <Filter>Input</Filter>
    </ClCompile>
    <ClCompile Include="Vec2.cpp">
      <Filter>Util</Filter>
    </ClCompile>
    <ClCompile Include="Vec3.cpp">
      <Filter>Util</Filter>
    </ClCompile>
    <ClCompile Include="Color.cpp">
      <Filter>Util</Filter>
    </ClCompile>
    <ClCompile Include="FontEngine.cpp">
      <Filter>Util</Filter>
    </ClCompile>
    <ClCompile Include="DrawableText.cpp">
      <Filter>Drawable</Filter>
    </ClCompile>
  </ItemGroup>
  <ItemGroup>
    <ClInclude Include="Button.h">
      <Filter>Drawable</Filter>
    </ClInclude>
    <ClInclude Include="Drawable.h">
      <Filter>Drawable</Filter>
    </ClInclude>
    <ClInclude Include="DrawableTexRect.h">
      <Filter>Drawable</Filter>
    </ClInclude>
    <ClInclude Include="App.h">
      <Filter>App</Filter>
    </ClInclude>
    <ClInclude Include="Scene.h">
      <Filter>Scene</Filter>
    </ClInclude>
    <ClInclude Include="TitleScene.h">
      <Filter>Scene</Filter>
    </ClInclude>
    <ClInclude Include="Input.h">
      <Filter>Input</Filter>
    </ClInclude>
    <ClInclude Include="InputDevice.h">
      <Filter>Input</Filter>
    </ClInclude>
    <ClInclude Include="InputKeyboard.h">
      <Filter>Input</Filter>
    </ClInclude>
    <ClInclude Include="InputManager.h">
      <Filter>Input</Filter>
    </ClInclude>
    <ClInclude Include="glm\common.hpp">
      <Filter>glm</Filter>
    </ClInclude>
    <ClInclude Include="glm\exponential.hpp">
      <Filter>glm</Filter>
    </ClInclude>
    <ClInclude Include="glm\ext.hpp">
      <Filter>glm</Filter>
    </ClInclude>
    <ClInclude Include="glm\fwd.hpp">
      <Filter>glm</Filter>
    </ClInclude>
    <ClInclude Include="glm\geometric.hpp">
      <Filter>glm</Filter>
    </ClInclude>
    <ClInclude Include="glm\glm.hpp">
      <Filter>glm</Filter>
    </ClInclude>
    <ClInclude Include="glm\integer.hpp">
      <Filter>glm</Filter>
    </ClInclude>
    <ClInclude Include="glm\mat2x2.hpp">
      <Filter>glm</Filter>
    </ClInclude>
    <ClInclude Include="glm\mat2x3.hpp">
      <Filter>glm</Filter>
    </ClInclude>
    <ClInclude Include="glm\mat2x4.hpp">
      <Filter>glm</Filter>
    </ClInclude>
    <ClInclude Include="glm\mat3x2.hpp">
      <Filter>glm</Filter>
    </ClInclude>
    <ClInclude Include="glm\mat3x3.hpp">
      <Filter>glm</Filter>
    </ClInclude>
    <ClInclude Include="glm\mat3x4.hpp">
      <Filter>glm</Filter>
    </ClInclude>
    <ClInclude Include="glm\mat4x2.hpp">
      <Filter>glm</Filter>
    </ClInclude>
    <ClInclude Include="glm\mat4x3.hpp">
      <Filter>glm</Filter>
    </ClInclude>
    <ClInclude Include="glm\mat4x4.hpp">
      <Filter>glm</Filter>
    </ClInclude>
    <ClInclude Include="glm\matrix.hpp">
      <Filter>glm</Filter>
    </ClInclude>
    <ClInclude Include="glm\packing.hpp">
      <Filter>glm</Filter>
    </ClInclude>
    <ClInclude Include="glm\trigonometric.hpp">
      <Filter>glm</Filter>
    </ClInclude>
    <ClInclude Include="glm\vec2.hpp">
      <Filter>glm</Filter>
    </ClInclude>
    <ClInclude Include="glm\vec3.hpp">
      <Filter>glm</Filter>
    </ClInclude>
    <ClInclude Include="glm\vec4.hpp">
      <Filter>glm</Filter>
    </ClInclude>
    <ClInclude Include="glm\vector_relational.hpp">
      <Filter>glm</Filter>
    </ClInclude>
    <ClInclude Include="Color.h">
      <Filter>Util</Filter>
    </ClInclude>
    <ClInclude Include="Vec2.h">
      <Filter>Util</Filter>
    </ClInclude>
    <ClInclude Include="Vec3.h">
      <Filter>Util</Filter>
    </ClInclude>
    <ClInclude Include="shader.h">
      <Filter>Util</Filter>
    </ClInclude>
    <ClInclude Include="FontEngine.h">
      <Filter>Util</Filter>
    </ClInclude>
    <ClInclude Include="DrawableText.h">
      <Filter>Drawable</Filter>
    </ClInclude>
  </ItemGroup>
</Project>