<?xml version="1.0" encoding="utf-8"?>
<Project ToolsVersion="4.0" xmlns="http://schemas.microsoft.com/developer/msbuild/2003">
  <ItemGroup>
    <Filter Include="Drawable">
      <UniqueIdentifier>{933e08c6-6a52-41cc-bc87-d177d68c53f8}</UniqueIdentifier>
    </Filter>
    <Filter Include="App">
      <UniqueIdentifier>{ddb0041d-7bd0-453c-b9bf-f0229508dfba}</UniqueIdentifier>
    </Filter>
    <Filter Include="Input">
      <UniqueIdentifier>{6617046c-71c0-4771-aae9-d5ecb05814ea}</UniqueIdentifier>
    </Filter>
    <Filter Include="glm">
      <UniqueIdentifier>{3357868b-afbd-415d-95e8-b89a9ebba205}</UniqueIdentifier>
    </Filter>
    <Filter Include="Util">
      <UniqueIdentifier>{e416aacb-dfb8-4fc9-9a97-a5a47cec015c}</UniqueIdentifier>
    </Filter>
    <Filter Include="App\Scenes">
      <UniqueIdentifier>{4a09354b-4683-44a2-bcac-dd58ceae65d2}</UniqueIdentifier>
    </Filter>
    <Filter Include="Drawable\Buttons">
      <UniqueIdentifier>{8979bde1-672e-4c67-b2f0-b29445d6ab35}</UniqueIdentifier>
    </Filter>
    <Filter Include="PlayerCharacter">
      <UniqueIdentifier>{e465ffe4-4f60-4bec-abac-fdf0b3df0f88}</UniqueIdentifier>
    </Filter>
    <Filter Include="PlayerCharacter\States">
      <UniqueIdentifier>{afd4cc2e-b41e-4004-9312-7c76cfc64874}</UniqueIdentifier>
    </Filter>
    <Filter Include="Raknet">
      <UniqueIdentifier>{76eadb32-f181-4576-8690-0e553d638714}</UniqueIdentifier>
    </Filter>
  </ItemGroup>
  <ItemGroup>
    <ClCompile Include="Drawable.cpp">
      <Filter>Drawable</Filter>
    </ClCompile>
    <ClCompile Include="App.cpp">
      <Filter>App</Filter>
    </ClCompile>
    <ClCompile Include="AppMain.cpp">
      <Filter>App</Filter>
    </ClCompile>
    <ClCompile Include="TitleScene.cpp">
      <Filter>App\Scenes</Filter>
    </ClCompile>
    <ClCompile Include="InputDevice.cpp">
      <Filter>Input</Filter>
    </ClCompile>
    <ClCompile Include="InputKeyboard.cpp">
      <Filter>Input</Filter>
    </ClCompile>
    <ClCompile Include="InputManager.cpp">
      <Filter>Input</Filter>
    </ClCompile>
    <ClCompile Include="FontEngine.cpp">
      <Filter>Util</Filter>
    </ClCompile>
    <ClCompile Include="DrawableText.cpp">
      <Filter>Drawable</Filter>
    </ClCompile>
    <ClCompile Include="MainMenuScene.cpp">
      <Filter>App\Scenes</Filter>
    </ClCompile>
    <ClCompile Include="MPReadyUpScene.cpp">
      <Filter>App\Scenes</Filter>
    </ClCompile>
    <ClCompile Include="Button.cpp">
      <Filter>Drawable\Buttons</Filter>
    </ClCompile>
    <ClCompile Include="ButtonLaunchMP.cpp">
      <Filter>Drawable\Buttons</Filter>
    </ClCompile>
    <ClCompile Include="InputJoyStick.cpp">
      <Filter>Input</Filter>
    </ClCompile>
    <ClCompile Include="DrawableSprite.cpp">
      <Filter>Drawable</Filter>
    </ClCompile>
    <ClCompile Include="GameScene.cpp">
      <Filter>App\Scenes</Filter>
    </ClCompile>
    <ClCompile Include="PlayerCharacter.cpp">
      <Filter>PlayerCharacter</Filter>
    </ClCompile>
    <ClCompile Include="Idle.cpp">
      <Filter>PlayerCharacter\States</Filter>
    </ClCompile>
    <ClCompile Include="MoveForward.cpp">
      <Filter>PlayerCharacter\States</Filter>
    </ClCompile>
    <ClCompile Include="MoveBackward.cpp">
      <Filter>PlayerCharacter\States</Filter>
    </ClCompile>
    <ClCompile Include="Crouch.cpp">
      <Filter>PlayerCharacter\States</Filter>
    </ClCompile>
    <ClCompile Include="CrouchBlock.cpp">
      <Filter>PlayerCharacter\States</Filter>
    </ClCompile>
    <ClCompile Include="Airborne.cpp">
      <Filter>PlayerCharacter\States</Filter>
    </ClCompile>
    <ClCompile Include="Attack.cpp">
      <Filter>PlayerCharacter\States</Filter>
    </ClCompile>
    <ClCompile Include="HitStun.cpp">
      <Filter>PlayerCharacter\States</Filter>
    </ClCompile>
    <ClCompile Include="LightAttack.cpp">
      <Filter>PlayerCharacter\States</Filter>
    </ClCompile>
    <ClCompile Include="DrawableSpriteSheet.cpp">
      <Filter>Drawable</Filter>
    </ClCompile>
    <ClCompile Include="InputAI.cpp">
      <Filter>Input</Filter>
    </ClCompile>
    <ClCompile Include="LightDash.cpp">
      <Filter>PlayerCharacter\States</Filter>
    </ClCompile>
    <ClCompile Include="ButtonLaunchSP.cpp">
      <Filter>Drawable\Buttons</Filter>
    </ClCompile>
    <ClCompile Include="BackDash.cpp">
      <Filter>PlayerCharacter\States</Filter>
    </ClCompile>
    <ClCompile Include="ForwardDash.cpp">
      <Filter>PlayerCharacter\States</Filter>
    </ClCompile>
    <ClCompile Include="SlideLight.cpp">
      <Filter>PlayerCharacter\States</Filter>
    </ClCompile>
    <ClCompile Include="HeavyAttack.cpp">
      <Filter>PlayerCharacter\States</Filter>
    </ClCompile>
    <ClCompile Include="SlideHeavy.cpp">
      <Filter>PlayerCharacter\States</Filter>
    </ClCompile>
    <ClCompile Include="RakNet\_FindFirst.cpp">
      <Filter>Raknet</Filter>
    </ClCompile>
    <ClCompile Include="RakNet\Base64Encoder.cpp">
      <Filter>Raknet</Filter>
    </ClCompile>
    <ClCompile Include="RakNet\BitStream.cpp">
      <Filter>Raknet</Filter>
    </ClCompile>
    <ClCompile Include="RakNet\CCRakNetSlidingWindow.cpp">
      <Filter>Raknet</Filter>
    </ClCompile>
    <ClCompile Include="RakNet\CCRakNetUDT.cpp">
      <Filter>Raknet</Filter>
    </ClCompile>
    <ClCompile Include="RakNet\CheckSum.cpp">
      <Filter>Raknet</Filter>
    </ClCompile>
    <ClCompile Include="RakNet\CloudClient.cpp">
      <Filter>Raknet</Filter>
    </ClCompile>
    <ClCompile Include="RakNet\CloudCommon.cpp">
      <Filter>Raknet</Filter>
    </ClCompile>
    <ClCompile Include="RakNet\CloudServer.cpp">
      <Filter>Raknet</Filter>
    </ClCompile>
    <ClCompile Include="RakNet\CommandParserInterface.cpp">
      <Filter>Raknet</Filter>
    </ClCompile>
    <ClCompile Include="RakNet\ConnectionGraph2.cpp">
      <Filter>Raknet</Filter>
    </ClCompile>
    <ClCompile Include="RakNet\ConsoleServer.cpp">
      <Filter>Raknet</Filter>
    </ClCompile>
    <ClCompile Include="RakNet\DataCompressor.cpp">
      <Filter>Raknet</Filter>
    </ClCompile>
    <ClCompile Include="RakNet\DirectoryDeltaTransfer.cpp">
      <Filter>Raknet</Filter>
    </ClCompile>
    <ClCompile Include="RakNet\DR_SHA1.cpp">
      <Filter>Raknet</Filter>
    </ClCompile>
    <ClCompile Include="RakNet\DS_BytePool.cpp">
      <Filter>Raknet</Filter>
    </ClCompile>
    <ClCompile Include="RakNet\DS_ByteQueue.cpp">
      <Filter>Raknet</Filter>
    </ClCompile>
    <ClCompile Include="RakNet\DS_HuffmanEncodingTree.cpp">
      <Filter>Raknet</Filter>
    </ClCompile>
    <ClCompile Include="RakNet\DS_Table.cpp">
      <Filter>Raknet</Filter>
    </ClCompile>
    <ClCompile Include="RakNet\DynDNS.cpp">
      <Filter>Raknet</Filter>
    </ClCompile>
    <ClCompile Include="RakNet\EmailSender.cpp">
      <Filter>Raknet</Filter>
    </ClCompile>
    <ClCompile Include="RakNet\EpochTimeToString.cpp">
      <Filter>Raknet</Filter>
    </ClCompile>
    <ClCompile Include="RakNet\FileList.cpp">
      <Filter>Raknet</Filter>
    </ClCompile>
    <ClCompile Include="RakNet\FileListTransfer.cpp">
      <Filter>Raknet</Filter>
    </ClCompile>
    <ClCompile Include="RakNet\FileOperations.cpp">
      <Filter>Raknet</Filter>
    </ClCompile>
    <ClCompile Include="RakNet\FormatString.cpp">
      <Filter>Raknet</Filter>
    </ClCompile>
    <ClCompile Include="RakNet\FullyConnectedMesh2.cpp">
      <Filter>Raknet</Filter>
    </ClCompile>
    <ClCompile Include="RakNet\Getche.cpp">
      <Filter>Raknet</Filter>
    </ClCompile>
    <ClCompile Include="RakNet\Gets.cpp">
      <Filter>Raknet</Filter>
    </ClCompile>
    <ClCompile Include="RakNet\GetTime.cpp">
      <Filter>Raknet</Filter>
    </ClCompile>
    <ClCompile Include="RakNet\gettimeofday.cpp">
      <Filter>Raknet</Filter>
    </ClCompile>
    <ClCompile Include="RakNet\GridSectorizer.cpp">
      <Filter>Raknet</Filter>
    </ClCompile>
    <ClCompile Include="RakNet\HTTPConnection.cpp">
      <Filter>Raknet</Filter>
    </ClCompile>
    <ClCompile Include="RakNet\HTTPConnection2.cpp">
      <Filter>Raknet</Filter>
    </ClCompile>
    <ClCompile Include="RakNet\IncrementalReadInterface.cpp">
      <Filter>Raknet</Filter>
    </ClCompile>
    <ClCompile Include="RakNet\Itoa.cpp">
      <Filter>Raknet</Filter>
    </ClCompile>
    <ClCompile Include="RakNet\LinuxStrings.cpp">
      <Filter>Raknet</Filter>
    </ClCompile>
    <ClCompile Include="RakNet\LocklessTypes.cpp">
      <Filter>Raknet</Filter>
    </ClCompile>
    <ClCompile Include="RakNet\LogCommandParser.cpp">
      <Filter>Raknet</Filter>
    </ClCompile>
    <ClCompile Include="RakNet\MessageFilter.cpp">
      <Filter>Raknet</Filter>
    </ClCompile>
    <ClCompile Include="RakNet\NatPunchthroughClient.cpp">
      <Filter>Raknet</Filter>
    </ClCompile>
    <ClCompile Include="RakNet\NatPunchthroughServer.cpp">
      <Filter>Raknet</Filter>
    </ClCompile>
    <ClCompile Include="RakNet\NatTypeDetectionClient.cpp">
      <Filter>Raknet</Filter>
    </ClCompile>
    <ClCompile Include="RakNet\NatTypeDetectionCommon.cpp">
      <Filter>Raknet</Filter>
    </ClCompile>
    <ClCompile Include="RakNet\NatTypeDetectionServer.cpp">
      <Filter>Raknet</Filter>
    </ClCompile>
    <ClCompile Include="RakNet\NetworkIDManager.cpp">
      <Filter>Raknet</Filter>
    </ClCompile>
    <ClCompile Include="RakNet\NetworkIDObject.cpp">
      <Filter>Raknet</Filter>
    </ClCompile>
    <ClCompile Include="RakNet\PacketConsoleLogger.cpp">
      <Filter>Raknet</Filter>
    </ClCompile>
    <ClCompile Include="RakNet\PacketFileLogger.cpp">
      <Filter>Raknet</Filter>
    </ClCompile>
    <ClCompile Include="RakNet\PacketizedTCP.cpp">
      <Filter>Raknet</Filter>
    </ClCompile>
    <ClCompile Include="RakNet\PacketLogger.cpp">
      <Filter>Raknet</Filter>
    </ClCompile>
    <ClCompile Include="RakNet\PacketOutputWindowLogger.cpp">
      <Filter>Raknet</Filter>
    </ClCompile>
    <ClCompile Include="RakNet\PluginInterface2.cpp">
      <Filter>Raknet</Filter>
    </ClCompile>
    <ClCompile Include="RakNet\PS4Includes.cpp">
      <Filter>Raknet</Filter>
    </ClCompile>
    <ClCompile Include="RakNet\Rackspace.cpp">
      <Filter>Raknet</Filter>
    </ClCompile>
    <ClCompile Include="RakNet\RakMemoryOverride.cpp">
      <Filter>Raknet</Filter>
    </ClCompile>
    <ClCompile Include="RakNet\RakNetCommandParser.cpp">
      <Filter>Raknet</Filter>
    </ClCompile>
    <ClCompile Include="RakNet\RakNetSocket.cpp">
      <Filter>Raknet</Filter>
    </ClCompile>
    <ClCompile Include="RakNet\RakNetSocket2.cpp">
      <Filter>Raknet</Filter>
    </ClCompile>
    <ClCompile Include="RakNet\RakNetSocket2_360_720.cpp">
      <Filter>Raknet</Filter>
    </ClCompile>
    <ClCompile Include="RakNet\RakNetSocket2_Berkley.cpp">
      <Filter>Raknet</Filter>
    </ClCompile>
    <ClCompile Include="RakNet\RakNetSocket2_Berkley_NativeClient.cpp">
      <Filter>Raknet</Filter>
    </ClCompile>
    <ClCompile Include="RakNet\RakNetSocket2_NativeClient.cpp">
      <Filter>Raknet</Filter>
    </ClCompile>
    <ClCompile Include="RakNet\RakNetSocket2_PS3_PS4.cpp">
      <Filter>Raknet</Filter>
    </ClCompile>
    <ClCompile Include="RakNet\RakNetSocket2_PS4.cpp">
      <Filter>Raknet</Filter>
    </ClCompile>
    <ClCompile Include="RakNet\RakNetSocket2_Vita.cpp">
      <Filter>Raknet</Filter>
    </ClCompile>
    <ClCompile Include="RakNet\RakNetSocket2_Windows_Linux.cpp">
      <Filter>Raknet</Filter>
    </ClCompile>
    <ClCompile Include="RakNet\RakNetSocket2_Windows_Linux_360.cpp">
      <Filter>Raknet</Filter>
    </ClCompile>
    <ClCompile Include="RakNet\RakNetSocket2_WindowsStore8.cpp">
      <Filter>Raknet</Filter>
    </ClCompile>
    <ClCompile Include="RakNet\RakNetStatistics.cpp">
      <Filter>Raknet</Filter>
    </ClCompile>
    <ClCompile Include="RakNet\RakNetTransport2.cpp">
      <Filter>Raknet</Filter>
    </ClCompile>
    <ClCompile Include="RakNet\RakNetTypes.cpp">
      <Filter>Raknet</Filter>
    </ClCompile>
    <ClCompile Include="RakNet\RakPeer.cpp">
      <Filter>Raknet</Filter>
    </ClCompile>
    <ClCompile Include="RakNet\RakSleep.cpp">
      <Filter>Raknet</Filter>
    </ClCompile>
    <ClCompile Include="RakNet\RakString.cpp">
      <Filter>Raknet</Filter>
    </ClCompile>
    <ClCompile Include="RakNet\RakThread.cpp">
      <Filter>Raknet</Filter>
    </ClCompile>
    <ClCompile Include="RakNet\RakWString.cpp">
      <Filter>Raknet</Filter>
    </ClCompile>
    <ClCompile Include="RakNet\Rand.cpp">
      <Filter>Raknet</Filter>
    </ClCompile>
    <ClCompile Include="RakNet\RandSync.cpp">
      <Filter>Raknet</Filter>
    </ClCompile>
    <ClCompile Include="RakNet\ReadyEvent.cpp">
      <Filter>Raknet</Filter>
    </ClCompile>
    <ClCompile Include="RakNet\RelayPlugin.cpp">
      <Filter>Raknet</Filter>
    </ClCompile>
    <ClCompile Include="RakNet\ReliabilityLayer.cpp">
      <Filter>Raknet</Filter>
    </ClCompile>
    <ClCompile Include="RakNet\ReplicaManager3.cpp">
      <Filter>Raknet</Filter>
    </ClCompile>
    <ClCompile Include="RakNet\Router2.cpp">
      <Filter>Raknet</Filter>
    </ClCompile>
    <ClCompile Include="RakNet\RPC4Plugin.cpp">
      <Filter>Raknet</Filter>
    </ClCompile>
    <ClCompile Include="RakNet\SecureHandshake.cpp">
      <Filter>Raknet</Filter>
    </ClCompile>
    <ClCompile Include="RakNet\SendToThread.cpp">
      <Filter>Raknet</Filter>
    </ClCompile>
    <ClCompile Include="RakNet\SignaledEvent.cpp">
      <Filter>Raknet</Filter>
    </ClCompile>
    <ClCompile Include="RakNet\SimpleMutex.cpp">
      <Filter>Raknet</Filter>
    </ClCompile>
    <ClCompile Include="RakNet\SocketLayer.cpp">
      <Filter>Raknet</Filter>
    </ClCompile>
    <ClCompile Include="RakNet\StatisticsHistory.cpp">
      <Filter>Raknet</Filter>
    </ClCompile>
    <ClCompile Include="RakNet\StringCompressor.cpp">
      <Filter>Raknet</Filter>
    </ClCompile>
    <ClCompile Include="RakNet\StringTable.cpp">
      <Filter>Raknet</Filter>
    </ClCompile>
    <ClCompile Include="RakNet\SuperFastHash.cpp">
      <Filter>Raknet</Filter>
    </ClCompile>
    <ClCompile Include="RakNet\TableSerializer.cpp">
      <Filter>Raknet</Filter>
    </ClCompile>
    <ClCompile Include="RakNet\TCPInterface.cpp">
      <Filter>Raknet</Filter>
    </ClCompile>
    <ClCompile Include="RakNet\TeamBalancer.cpp">
      <Filter>Raknet</Filter>
    </ClCompile>
    <ClCompile Include="RakNet\TeamManager.cpp">
      <Filter>Raknet</Filter>
    </ClCompile>
    <ClCompile Include="RakNet\TelnetTransport.cpp">
      <Filter>Raknet</Filter>
    </ClCompile>
    <ClCompile Include="RakNet\ThreadsafePacketLogger.cpp">
      <Filter>Raknet</Filter>
    </ClCompile>
    <ClCompile Include="RakNet\TwoWayAuthentication.cpp">
      <Filter>Raknet</Filter>
    </ClCompile>
    <ClCompile Include="RakNet\UDPForwarder.cpp">
      <Filter>Raknet</Filter>
    </ClCompile>
    <ClCompile Include="RakNet\UDPProxyClient.cpp">
      <Filter>Raknet</Filter>
    </ClCompile>
    <ClCompile Include="RakNet\UDPProxyCoordinator.cpp">
      <Filter>Raknet</Filter>
    </ClCompile>
    <ClCompile Include="RakNet\UDPProxyServer.cpp">
      <Filter>Raknet</Filter>
    </ClCompile>
    <ClCompile Include="RakNet\VariableDeltaSerializer.cpp">
      <Filter>Raknet</Filter>
    </ClCompile>
    <ClCompile Include="RakNet\VariableListDeltaTracker.cpp">
      <Filter>Raknet</Filter>
    </ClCompile>
    <ClCompile Include="RakNet\VariadicSQLParser.cpp">
      <Filter>Raknet</Filter>
    </ClCompile>
    <ClCompile Include="RakNet\VitaIncludes.cpp">
      <Filter>Raknet</Filter>
    </ClCompile>
    <ClCompile Include="RakNet\WSAStartupSingleton.cpp">
      <Filter>Raknet</Filter>
    </ClCompile>
  </ItemGroup>
  <ItemGroup>
    <ClInclude Include="Drawable.h">
      <Filter>Drawable</Filter>
    </ClInclude>
    <ClInclude Include="App.h">
      <Filter>App</Filter>
    </ClInclude>
    <ClInclude Include="TitleScene.h">
      <Filter>App\Scenes</Filter>
    </ClInclude>
    <ClInclude Include="Input.h">
      <Filter>Input</Filter>
    </ClInclude>
    <ClInclude Include="InputDevice.h">
      <Filter>Input</Filter>
    </ClInclude>
    <ClInclude Include="InputKeyboard.h">
      <Filter>Input</Filter>
    </ClInclude>
    <ClInclude Include="InputManager.h">
      <Filter>Input</Filter>
    </ClInclude>
    <ClInclude Include="glm\common.hpp">
      <Filter>glm</Filter>
    </ClInclude>
    <ClInclude Include="glm\exponential.hpp">
      <Filter>glm</Filter>
    </ClInclude>
    <ClInclude Include="glm\ext.hpp">
      <Filter>glm</Filter>
    </ClInclude>
    <ClInclude Include="glm\fwd.hpp">
      <Filter>glm</Filter>
    </ClInclude>
    <ClInclude Include="glm\geometric.hpp">
      <Filter>glm</Filter>
    </ClInclude>
    <ClInclude Include="glm\glm.hpp">
      <Filter>glm</Filter>
    </ClInclude>
    <ClInclude Include="glm\integer.hpp">
      <Filter>glm</Filter>
    </ClInclude>
    <ClInclude Include="glm\mat2x2.hpp">
      <Filter>glm</Filter>
    </ClInclude>
    <ClInclude Include="glm\mat2x3.hpp">
      <Filter>glm</Filter>
    </ClInclude>
    <ClInclude Include="glm\mat2x4.hpp">
      <Filter>glm</Filter>
    </ClInclude>
    <ClInclude Include="glm\mat3x2.hpp">
      <Filter>glm</Filter>
    </ClInclude>
    <ClInclude Include="glm\mat3x3.hpp">
      <Filter>glm</Filter>
    </ClInclude>
    <ClInclude Include="glm\mat3x4.hpp">
      <Filter>glm</Filter>
    </ClInclude>
    <ClInclude Include="glm\mat4x2.hpp">
      <Filter>glm</Filter>
    </ClInclude>
    <ClInclude Include="glm\mat4x3.hpp">
      <Filter>glm</Filter>
    </ClInclude>
    <ClInclude Include="glm\mat4x4.hpp">
      <Filter>glm</Filter>
    </ClInclude>
    <ClInclude Include="glm\matrix.hpp">
      <Filter>glm</Filter>
    </ClInclude>
    <ClInclude Include="glm\packing.hpp">
      <Filter>glm</Filter>
    </ClInclude>
    <ClInclude Include="glm\trigonometric.hpp">
      <Filter>glm</Filter>
    </ClInclude>
    <ClInclude Include="glm\vec2.hpp">
      <Filter>glm</Filter>
    </ClInclude>
    <ClInclude Include="glm\vec3.hpp">
      <Filter>glm</Filter>
    </ClInclude>
    <ClInclude Include="glm\vec4.hpp">
      <Filter>glm</Filter>
    </ClInclude>
    <ClInclude Include="glm\vector_relational.hpp">
      <Filter>glm</Filter>
    </ClInclude>
    <ClInclude Include="shader.h">
      <Filter>Util</Filter>
    </ClInclude>
    <ClInclude Include="FontEngine.h">
      <Filter>Util</Filter>
    </ClInclude>
    <ClInclude Include="DrawableText.h">
      <Filter>Drawable</Filter>
    </ClInclude>
    <ClInclude Include="MainMenuScene.h">
      <Filter>App\Scenes</Filter>
    </ClInclude>
    <ClInclude Include="MPReadyUpScene.h">
      <Filter>App\Scenes</Filter>
    </ClInclude>
    <ClInclude Include="Button.h">
      <Filter>Drawable\Buttons</Filter>
    </ClInclude>
    <ClInclude Include="ButtonLaunchMP.h">
      <Filter>Drawable\Buttons</Filter>
    </ClInclude>
    <ClInclude Include="InputJoyStick.h">
      <Filter>Input</Filter>
    </ClInclude>
    <ClInclude Include="DrawableSprite.h">
      <Filter>Drawable</Filter>
    </ClInclude>
    <ClInclude Include="GameScene.h">
      <Filter>App\Scenes</Filter>
    </ClInclude>
    <ClInclude Include="PlayerCharacter.h">
      <Filter>PlayerCharacter</Filter>
    </ClInclude>
    <ClInclude Include="presets.h">
      <Filter>PlayerCharacter</Filter>
    </ClInclude>
    <ClInclude Include="Idle.h">
      <Filter>PlayerCharacter\States</Filter>
    </ClInclude>
    <ClInclude Include="MoveForward.h">
      <Filter>PlayerCharacter\States</Filter>
    </ClInclude>
    <ClInclude Include="States.h">
      <Filter>PlayerCharacter\States</Filter>
    </ClInclude>
    <ClInclude Include="MoveBackward.h">
      <Filter>PlayerCharacter\States</Filter>
    </ClInclude>
    <ClInclude Include="Crouch.h">
      <Filter>PlayerCharacter\States</Filter>
    </ClInclude>
    <ClInclude Include="CrouchBlock.h">
      <Filter>PlayerCharacter\States</Filter>
    </ClInclude>
    <ClInclude Include="Airborne.h">
      <Filter>PlayerCharacter\States</Filter>
    </ClInclude>
    <ClInclude Include="Attack.h">
      <Filter>PlayerCharacter\States</Filter>
    </ClInclude>
    <ClInclude Include="HitStun.h">
      <Filter>PlayerCharacter\States</Filter>
    </ClInclude>
    <ClInclude Include="LightAttack.h">
      <Filter>PlayerCharacter\States</Filter>
    </ClInclude>
    <ClInclude Include="DrawableSpriteSheet.h">
      <Filter>Drawable</Filter>
    </ClInclude>
    <ClInclude Include="InputAI.h">
      <Filter>Input</Filter>
    </ClInclude>
    <ClInclude Include="LightDash.h">
      <Filter>PlayerCharacter\States</Filter>
    </ClInclude>
    <ClInclude Include="ButtonLaunchSP.h">
      <Filter>Drawable\Buttons</Filter>
    </ClInclude>
    <ClInclude Include="BackDash.h">
      <Filter>PlayerCharacter\States</Filter>
    </ClInclude>
    <ClInclude Include="ForwardDash.h">
      <Filter>PlayerCharacter\States</Filter>
    </ClInclude>
    <ClInclude Include="SlideLight.h">
      <Filter>PlayerCharacter\States</Filter>
    </ClInclude>
    <ClInclude Include="SlideHeavy.h">
      <Filter>PlayerCharacter\States</Filter>
    </ClInclude>
    <ClInclude Include="HeavyAttack.h">
      <Filter>PlayerCharacter\States</Filter>
    </ClInclude>
    <ClInclude Include="RakNet\_FindFirst.h">
      <Filter>Raknet</Filter>
    </ClInclude>
    <ClInclude Include="RakNet\AutopatcherPatchContext.h">
      <Filter>Raknet</Filter>
    </ClInclude>
    <ClInclude Include="RakNet\AutopatcherRepositoryInterface.h">
      <Filter>Raknet</Filter>
    </ClInclude>
    <ClInclude Include="RakNet\Base64Encoder.h">
      <Filter>Raknet</Filter>
    </ClInclude>
    <ClInclude Include="RakNet\BitStream.h">
      <Filter>Raknet</Filter>
    </ClInclude>
    <ClInclude Include="RakNet\CCRakNetSlidingWindow.h">
      <Filter>Raknet</Filter>
    </ClInclude>
    <ClInclude Include="RakNet\CCRakNetUDT.h">
      <Filter>Raknet</Filter>
    </ClInclude>
    <ClInclude Include="RakNet\CheckSum.h">
      <Filter>Raknet</Filter>
    </ClInclude>
    <ClInclude Include="RakNet\CloudClient.h">
      <Filter>Raknet</Filter>
    </ClInclude>
    <ClInclude Include="RakNet\CloudCommon.h">
      <Filter>Raknet</Filter>
    </ClInclude>
    <ClInclude Include="RakNet\CloudServer.h">
      <Filter>Raknet</Filter>
    </ClInclude>
    <ClInclude Include="RakNet\CommandParserInterface.h">
      <Filter>Raknet</Filter>
    </ClInclude>
    <ClInclude Include="RakNet\ConnectionGraph2.h">
      <Filter>Raknet</Filter>
    </ClInclude>
    <ClInclude Include="RakNet\ConsoleServer.h">
      <Filter>Raknet</Filter>
    </ClInclude>
    <ClInclude Include="RakNet\DataCompressor.h">
      <Filter>Raknet</Filter>
    </ClInclude>
    <ClInclude Include="RakNet\DirectoryDeltaTransfer.h">
      <Filter>Raknet</Filter>
    </ClInclude>
    <ClInclude Include="RakNet\DR_SHA1.h">
      <Filter>Raknet</Filter>
    </ClInclude>
    <ClInclude Include="RakNet\DS_BinarySearchTree.h">
      <Filter>Raknet</Filter>
    </ClInclude>
    <ClInclude Include="RakNet\DS_BPlusTree.h">
      <Filter>Raknet</Filter>
    </ClInclude>
    <ClInclude Include="RakNet\DS_BytePool.h">
      <Filter>Raknet</Filter>
    </ClInclude>
    <ClInclude Include="RakNet\DS_ByteQueue.h">
      <Filter>Raknet</Filter>
    </ClInclude>
    <ClInclude Include="RakNet\DS_Hash.h">
      <Filter>Raknet</Filter>
    </ClInclude>
    <ClInclude Include="RakNet\DS_Heap.h">
      <Filter>Raknet</Filter>
    </ClInclude>
    <ClInclude Include="RakNet\DS_HuffmanEncodingTree.h">
      <Filter>Raknet</Filter>
    </ClInclude>
    <ClInclude Include="RakNet\DS_HuffmanEncodingTreeFactory.h">
      <Filter>Raknet</Filter>
    </ClInclude>
    <ClInclude Include="RakNet\DS_HuffmanEncodingTreeNode.h">
      <Filter>Raknet</Filter>
    </ClInclude>
    <ClInclude Include="RakNet\DS_LinkedList.h">
      <Filter>Raknet</Filter>
    </ClInclude>
    <ClInclude Include="RakNet\DS_List.h">
      <Filter>Raknet</Filter>
    </ClInclude>
    <ClInclude Include="RakNet\DS_Map.h">
      <Filter>Raknet</Filter>
    </ClInclude>
    <ClInclude Include="RakNet\DS_MemoryPool.h">
      <Filter>Raknet</Filter>
    </ClInclude>
    <ClInclude Include="RakNet\DS_Multilist.h">
      <Filter>Raknet</Filter>
    </ClInclude>
    <ClInclude Include="RakNet\DS_OrderedChannelHeap.h">
      <Filter>Raknet</Filter>
    </ClInclude>
    <ClInclude Include="RakNet\DS_OrderedList.h">
      <Filter>Raknet</Filter>
    </ClInclude>
    <ClInclude Include="RakNet\DS_Queue.h">
      <Filter>Raknet</Filter>
    </ClInclude>
    <ClInclude Include="RakNet\DS_QueueLinkedList.h">
      <Filter>Raknet</Filter>
    </ClInclude>
    <ClInclude Include="RakNet\DS_RangeList.h">
      <Filter>Raknet</Filter>
    </ClInclude>
    <ClInclude Include="RakNet\DS_Table.h">
      <Filter>Raknet</Filter>
    </ClInclude>
    <ClInclude Include="RakNet\DS_ThreadsafeAllocatingQueue.h">
      <Filter>Raknet</Filter>
    </ClInclude>
    <ClInclude Include="RakNet\DS_Tree.h">
      <Filter>Raknet</Filter>
    </ClInclude>
    <ClInclude Include="RakNet\DS_WeightedGraph.h">
      <Filter>Raknet</Filter>
    </ClInclude>
    <ClInclude Include="RakNet\DynDNS.h">
      <Filter>Raknet</Filter>
    </ClInclude>
    <ClInclude Include="RakNet\EmailSender.h">
      <Filter>Raknet</Filter>
    </ClInclude>
    <ClInclude Include="RakNet\EmptyHeader.h">
      <Filter>Raknet</Filter>
    </ClInclude>
    <ClInclude Include="RakNet\EpochTimeToString.h">
      <Filter>Raknet</Filter>
    </ClInclude>
    <ClInclude Include="RakNet\Export.h">
      <Filter>Raknet</Filter>
    </ClInclude>
    <ClInclude Include="RakNet\FileList.h">
      <Filter>Raknet</Filter>
    </ClInclude>
    <ClInclude Include="RakNet\FileListNodeContext.h">
      <Filter>Raknet</Filter>
    </ClInclude>
    <ClInclude Include="RakNet\FileListTransfer.h">
      <Filter>Raknet</Filter>
    </ClInclude>
    <ClInclude Include="RakNet\FileListTransferCBInterface.h">
      <Filter>Raknet</Filter>
    </ClInclude>
    <ClInclude Include="RakNet\FileOperations.h">
      <Filter>Raknet</Filter>
    </ClInclude>
    <ClInclude Include="RakNet\FormatString.h">
      <Filter>Raknet</Filter>
    </ClInclude>
    <ClInclude Include="RakNet\FullyConnectedMesh2.h">
      <Filter>Raknet</Filter>
    </ClInclude>
    <ClInclude Include="RakNet\Getche.h">
      <Filter>Raknet</Filter>
    </ClInclude>
    <ClInclude Include="RakNet\Gets.h">
      <Filter>Raknet</Filter>
    </ClInclude>
    <ClInclude Include="RakNet\GetTime.h">
      <Filter>Raknet</Filter>
    </ClInclude>
    <ClInclude Include="RakNet\gettimeofday.h">
      <Filter>Raknet</Filter>
    </ClInclude>
    <ClInclude Include="RakNet\GridSectorizer.h">
      <Filter>Raknet</Filter>
    </ClInclude>
    <ClInclude Include="RakNet\HTTPConnection.h">
      <Filter>Raknet</Filter>
    </ClInclude>
    <ClInclude Include="RakNet\HTTPConnection2.h">
      <Filter>Raknet</Filter>
    </ClInclude>
    <ClInclude Include="RakNet\IncrementalReadInterface.h">
      <Filter>Raknet</Filter>
    </ClInclude>
    <ClInclude Include="RakNet\InternalPacket.h">
      <Filter>Raknet</Filter>
    </ClInclude>
    <ClInclude Include="RakNet\Itoa.h">
      <Filter>Raknet</Filter>
    </ClInclude>
    <ClInclude Include="RakNet\Kbhit.h">
      <Filter>Raknet</Filter>
    </ClInclude>
    <ClInclude Include="RakNet\LinuxStrings.h">
      <Filter>Raknet</Filter>
    </ClInclude>
    <ClInclude Include="RakNet\LocklessTypes.h">
      <Filter>Raknet</Filter>
    </ClInclude>
    <ClInclude Include="RakNet\LogCommandParser.h">
      <Filter>Raknet</Filter>
    </ClInclude>
    <ClInclude Include="RakNet\MessageFilter.h">
      <Filter>Raknet</Filter>
    </ClInclude>
    <ClInclude Include="RakNet\MessageIdentifiers.h">
      <Filter>Raknet</Filter>
    </ClInclude>
    <ClInclude Include="RakNet\MTUSize.h">
      <Filter>Raknet</Filter>
    </ClInclude>
    <ClInclude Include="RakNet\NativeFeatureIncludes.h">
      <Filter>Raknet</Filter>
    </ClInclude>
    <ClInclude Include="RakNet\NativeFeatureIncludesOverrides.h">
      <Filter>Raknet</Filter>
    </ClInclude>
    <ClInclude Include="RakNet\NativeTypes.h">
      <Filter>Raknet</Filter>
    </ClInclude>
    <ClInclude Include="RakNet\NatPunchthroughClient.h">
      <Filter>Raknet</Filter>
    </ClInclude>
    <ClInclude Include="RakNet\NatPunchthroughServer.h">
      <Filter>Raknet</Filter>
    </ClInclude>
    <ClInclude Include="RakNet\NatTypeDetectionClient.h">
      <Filter>Raknet</Filter>
    </ClInclude>
    <ClInclude Include="RakNet\NatTypeDetectionCommon.h">
      <Filter>Raknet</Filter>
    </ClInclude>
    <ClInclude Include="RakNet\NatTypeDetectionServer.h">
      <Filter>Raknet</Filter>
    </ClInclude>
    <ClInclude Include="RakNet\NetworkIDManager.h">
      <Filter>Raknet</Filter>
    </ClInclude>
    <ClInclude Include="RakNet\NetworkIDObject.h">
      <Filter>Raknet</Filter>
    </ClInclude>
    <ClInclude Include="RakNet\PacketConsoleLogger.h">
      <Filter>Raknet</Filter>
    </ClInclude>
    <ClInclude Include="RakNet\PacketFileLogger.h">
      <Filter>Raknet</Filter>
    </ClInclude>
    <ClInclude Include="RakNet\PacketizedTCP.h">
      <Filter>Raknet</Filter>
    </ClInclude>
    <ClInclude Include="RakNet\PacketLogger.h">
      <Filter>Raknet</Filter>
    </ClInclude>
    <ClInclude Include="RakNet\PacketOutputWindowLogger.h">
      <Filter>Raknet</Filter>
    </ClInclude>
    <ClInclude Include="RakNet\PacketPool.h">
      <Filter>Raknet</Filter>
    </ClInclude>
    <ClInclude Include="RakNet\PacketPriority.h">
      <Filter>Raknet</Filter>
    </ClInclude>
    <ClInclude Include="RakNet\PluginInterface2.h">
      <Filter>Raknet</Filter>
    </ClInclude>
    <ClInclude Include="RakNet\PS3Includes.h">
      <Filter>Raknet</Filter>
    </ClInclude>
    <ClInclude Include="RakNet\PS4Includes.h">
      <Filter>Raknet</Filter>
    </ClInclude>
    <ClInclude Include="RakNet\Rackspace.h">
      <Filter>Raknet</Filter>
    </ClInclude>
    <ClInclude Include="RakNet\RakAlloca.h">
      <Filter>Raknet</Filter>
    </ClInclude>
    <ClInclude Include="RakNet\RakAssert.h">
      <Filter>Raknet</Filter>
    </ClInclude>
    <ClInclude Include="RakNet\RakMemoryOverride.h">
      <Filter>Raknet</Filter>
    </ClInclude>
    <ClInclude Include="RakNet\RakNetCommandParser.h">
      <Filter>Raknet</Filter>
    </ClInclude>
    <ClInclude Include="RakNet\RakNetDefines.h">
      <Filter>Raknet</Filter>
    </ClInclude>
    <ClInclude Include="RakNet\RakNetDefinesOverrides.h">
      <Filter>Raknet</Filter>
    </ClInclude>
    <ClInclude Include="RakNet\RakNetSmartPtr.h">
      <Filter>Raknet</Filter>
    </ClInclude>
    <ClInclude Include="RakNet\RakNetSocket.h">
      <Filter>Raknet</Filter>
    </ClInclude>
    <ClInclude Include="RakNet\RakNetSocket2.h">
      <Filter>Raknet</Filter>
    </ClInclude>
    <ClInclude Include="RakNet\RakNetStatistics.h">
      <Filter>Raknet</Filter>
    </ClInclude>
    <ClInclude Include="RakNet\RakNetTime.h">
      <Filter>Raknet</Filter>
    </ClInclude>
    <ClInclude Include="RakNet\RakNetTransport2.h">
      <Filter>Raknet</Filter>
    </ClInclude>
    <ClInclude Include="RakNet\RakNetTypes.h">
      <Filter>Raknet</Filter>
    </ClInclude>
    <ClInclude Include="RakNet\RakNetVersion.h">
      <Filter>Raknet</Filter>
    </ClInclude>
    <ClInclude Include="RakNet\RakPeer.h">
      <Filter>Raknet</Filter>
    </ClInclude>
    <ClInclude Include="RakNet\RakPeerInterface.h">
      <Filter>Raknet</Filter>
    </ClInclude>
    <ClInclude Include="RakNet\RakSleep.h">
      <Filter>Raknet</Filter>
    </ClInclude>
    <ClInclude Include="RakNet\RakString.h">
      <Filter>Raknet</Filter>
    </ClInclude>
    <ClInclude Include="RakNet\RakThread.h">
      <Filter>Raknet</Filter>
    </ClInclude>
    <ClInclude Include="RakNet\RakWString.h">
      <Filter>Raknet</Filter>
    </ClInclude>
    <ClInclude Include="RakNet\Rand.h">
      <Filter>Raknet</Filter>
    </ClInclude>
    <ClInclude Include="RakNet\RandSync.h">
      <Filter>Raknet</Filter>
    </ClInclude>
    <ClInclude Include="RakNet\ReadyEvent.h">
      <Filter>Raknet</Filter>
    </ClInclude>
    <ClInclude Include="RakNet\RefCountedObj.h">
      <Filter>Raknet</Filter>
    </ClInclude>
    <ClInclude Include="RakNet\RelayPlugin.h">
      <Filter>Raknet</Filter>
    </ClInclude>
    <ClInclude Include="RakNet\ReliabilityLayer.h">
      <Filter>Raknet</Filter>
    </ClInclude>
    <ClInclude Include="RakNet\ReplicaEnums.h">
      <Filter>Raknet</Filter>
    </ClInclude>
    <ClInclude Include="RakNet\ReplicaManager3.h">
      <Filter>Raknet</Filter>
    </ClInclude>
    <ClInclude Include="RakNet\Router2.h">
      <Filter>Raknet</Filter>
    </ClInclude>
    <ClInclude Include="RakNet\RPC4Plugin.h">
      <Filter>Raknet</Filter>
    </ClInclude>
    <ClInclude Include="RakNet\SecureHandshake.h">
      <Filter>Raknet</Filter>
    </ClInclude>
    <ClInclude Include="RakNet\SendToThread.h">
      <Filter>Raknet</Filter>
    </ClInclude>
    <ClInclude Include="RakNet\SignaledEvent.h">
      <Filter>Raknet</Filter>
    </ClInclude>
    <ClInclude Include="RakNet\SimpleMutex.h">
      <Filter>Raknet</Filter>
    </ClInclude>
    <ClInclude Include="RakNet\SimpleTCPServer.h">
      <Filter>Raknet</Filter>
    </ClInclude>
    <ClInclude Include="RakNet\SingleProducerConsumer.h">
      <Filter>Raknet</Filter>
    </ClInclude>
    <ClInclude Include="RakNet\SocketDefines.h">
      <Filter>Raknet</Filter>
    </ClInclude>
    <ClInclude Include="RakNet\SocketIncludes.h">
      <Filter>Raknet</Filter>
    </ClInclude>
    <ClInclude Include="RakNet\SocketLayer.h">
      <Filter>Raknet</Filter>
    </ClInclude>
    <ClInclude Include="RakNet\StatisticsHistory.h">
      <Filter>Raknet</Filter>
    </ClInclude>
    <ClInclude Include="RakNet\StringCompressor.h">
      <Filter>Raknet</Filter>
    </ClInclude>
    <ClInclude Include="RakNet\StringTable.h">
      <Filter>Raknet</Filter>
    </ClInclude>
    <ClInclude Include="RakNet\SuperFastHash.h">
      <Filter>Raknet</Filter>
    </ClInclude>
    <ClInclude Include="RakNet\TableSerializer.h">
      <Filter>Raknet</Filter>
    </ClInclude>
    <ClInclude Include="RakNet\TCPInterface.h">
      <Filter>Raknet</Filter>
    </ClInclude>
    <ClInclude Include="RakNet\TeamBalancer.h">
      <Filter>Raknet</Filter>
    </ClInclude>
    <ClInclude Include="RakNet\TeamManager.h">
      <Filter>Raknet</Filter>
    </ClInclude>
    <ClInclude Include="RakNet\TelnetTransport.h">
      <Filter>Raknet</Filter>
    </ClInclude>
    <ClInclude Include="RakNet\ThreadPool.h">
      <Filter>Raknet</Filter>
    </ClInclude>
    <ClInclude Include="RakNet\ThreadsafePacketLogger.h">
      <Filter>Raknet</Filter>
    </ClInclude>
    <ClInclude Include="RakNet\TransportInterface.h">
      <Filter>Raknet</Filter>
    </ClInclude>
    <ClInclude Include="RakNet\TwoWayAuthentication.h">
      <Filter>Raknet</Filter>
    </ClInclude>
    <ClInclude Include="RakNet\UDPForwarder.h">
      <Filter>Raknet</Filter>
    </ClInclude>
    <ClInclude Include="RakNet\UDPProxyClient.h">
      <Filter>Raknet</Filter>
    </ClInclude>
    <ClInclude Include="RakNet\UDPProxyCommon.h">
      <Filter>Raknet</Filter>
    </ClInclude>
    <ClInclude Include="RakNet\UDPProxyCoordinator.h">
      <Filter>Raknet</Filter>
    </ClInclude>
    <ClInclude Include="RakNet\UDPProxyServer.h">
      <Filter>Raknet</Filter>
    </ClInclude>
    <ClInclude Include="RakNet\VariableDeltaSerializer.h">
      <Filter>Raknet</Filter>
    </ClInclude>
    <ClInclude Include="RakNet\VariableListDeltaTracker.h">
      <Filter>Raknet</Filter>
    </ClInclude>
    <ClInclude Include="RakNet\VariadicSQLParser.h">
      <Filter>Raknet</Filter>
    </ClInclude>
    <ClInclude Include="RakNet\VitaIncludes.h">
      <Filter>Raknet</Filter>
    </ClInclude>
    <ClInclude Include="RakNet\WindowsIncludes.h">
      <Filter>Raknet</Filter>
    </ClInclude>
    <ClInclude Include="RakNet\WSAStartupSingleton.h">
      <Filter>Raknet</Filter>
    </ClInclude>
    <ClInclude Include="RakNet\XBox360Includes.h">
      <Filter>Raknet</Filter>
    </ClInclude>
  </ItemGroup>
  <ItemGroup>
    <None Include="RakNet\RakNet.vcproj">
      <Filter>Raknet</Filter>
    </None>
    <None Include="RakNet\RakNet_vc8.vcproj">
      <Filter>Raknet</Filter>
    </None>
    <None Include="RakNet\RakNet_vc9.vcproj">
      <Filter>Raknet</Filter>
    </None>
  </ItemGroup>
  <ItemGroup>
    <Text Include="RakNet\CMakeLists.txt">
      <Filter>Raknet</Filter>
    </Text>
  </ItemGroup>
</Project>